
Microsoft Visual Studio Solution File, Format Version 12.00
# Visual Studio Version 17
VisualStudioVersion = 17.0.31903.59
MinimumVisualStudioVersion = 10.0.40219.1
Project("{FAE04EC0-301F-11D3-BF4B-00C04F79EFBC}") = "MinimalAPi", "MinimalAPi.csproj", "{32B905B6-881A-4B23-BA08-96917F5E4316}"
EndProject
Global
	GlobalSection(SolutionConfigurationPlatforms) = preSolution
		Debug|Any CPU = Debug|Any CPU
		Release|Any CPU = Release|Any CPU
	EndGlobalSection
	GlobalSection(ProjectConfigurationPlatforms) = postSolution
		{32B905B6-881A-4B23-BA08-96917F5E4316}.Debug|Any CPU.ActiveCfg = Debug|Any CPU
		{32B905B6-881A-4B23-BA08-96917F5E4316}.Debug|Any CPU.Build.0 = Debug|Any CPU
		{32B905B6-881A-4B23-BA08-96917F5E4316}.Release|Any CPU.ActiveCfg = Release|Any CPU
		{32B905B6-881A-4B23-BA08-96917F5E4316}.Release|Any CPU.Build.0 = Release|Any CPU
	EndGlobalSection
	GlobalSection(SolutionProperties) = preSolution
		HideSolutionNode = FALSE
	EndGlobalSection
	GlobalSection(ExtensibilityGlobals) = postSolution
		SolutionGuid = {0CD78D53-C425-4DF6-A728-9B47A1349A61}
	EndGlobalSection
EndGlobal
